
Microsoft Visual Studio Solution File, Format Version 12.00
# Visual Studio 15
Project("{FAE04EC0-301F-11D3-BF4B-00C04F79EFBC}") = "UnityEngine.TestRunner", "UnityEngine.TestRunner.csproj", "{A5ABD828-83D5-D4BE-1681-ECC3847F8BAD}"
EndProject
Project("{FAE04EC0-301F-11D3-BF4B-00C04F79EFBC}") = "Unity.Mathematics", "Unity.Mathematics.csproj", "{A8BD3437-FB9A-D01A-9017-5C9FDA8C6D7A}"
EndProject
Project("{FAE04EC0-301F-11D3-BF4B-00C04F79EFBC}") = "Unity.2D.Animation.Triangle.Runtime", "Unity.2D.Animation.Triangle.Runtime.csproj", "{AC1AE879-F85F-DCCF-4498-69C010DB78D3}"
EndProject
Project("{FAE04EC0-301F-11D3-BF4B-00C04F79EFBC}") = "Unity.Timeline", "Unity.Timeline.csproj", "{6797DFFE-27D2-A622-8BAA-9F77384EA97C}"
EndProject
Project("{FAE04EC0-301F-11D3-BF4B-00C04F79EFBC}") = "UnityEngine.UI", "UnityEngine.UI.csproj", "{21DE06F5-337B-0F37-F470-482DCB32B186}"
EndProject
Project("{FAE04EC0-301F-11D3-BF4B-00C04F79EFBC}") = "Unity.TextMeshPro", "Unity.TextMeshPro.csproj", "{50F9C07D-5B19-2DD0-8F8D-8B52B4680E2B}"
EndProject
Project("{FAE04EC0-301F-11D3-BF4B-00C04F79EFBC}") = "Unity.2D.Animation.Runtime", "Unity.2D.Animation.Runtime.csproj", "{07C80E59-F0C8-FCBE-EBA7-C1DA8184D4F4}"
EndProject
Project("{FAE04EC0-301F-11D3-BF4B-00C04F79EFBC}") = "Assembly-CSharp", "Assembly-CSharp.csproj", "{ED7E858B-84B0-3631-16F5-60083841873F}"
EndProject
Project("{FAE04EC0-301F-11D3-BF4B-00C04F79EFBC}") = "Unity.2D.IK.Runtime", "Unity.2D.IK.Runtime.csproj", "{24335CF5-93D2-3BFA-0A12-A60323A3A2A7}"
EndProject
Project("{FAE04EC0-301F-11D3-BF4B-00C04F79EFBC}") = "Unity.2D.SpriteShape.Runtime", "Unity.2D.SpriteShape.Runtime.csproj", "{3A52B123-D3F2-C590-045F-E21C73C4CE1F}"
EndProject
Project("{FAE04EC0-301F-11D3-BF4B-00C04F79EFBC}") = "Unity.2D.PixelPerfect", "Unity.2D.PixelPerfect.csproj", "{30174EC8-15A3-8BB1-24D2-B41CF53D14AC}"
EndProject
Project("{FAE04EC0-301F-11D3-BF4B-00C04F79EFBC}") = "Unity.2D.Common.Runtime", "Unity.2D.Common.Runtime.csproj", "{17A1369C-8547-7E75-F76A-8525A8B7EF1E}"
EndProject
Project("{FAE04EC0-301F-11D3-BF4B-00C04F79EFBC}") = "Unity.InternalAPIEngineBridge.001", "Unity.InternalAPIEngineBridge.001.csproj", "{63F37F73-3204-F297-F079-833B28DC9450}"
EndProject
Project("{FAE04EC0-301F-11D3-BF4B-00C04F79EFBC}") = "UnityEditor.TestRunner", "UnityEditor.TestRunner.csproj", "{F4FAD5C0-54DB-8173-F159-9B5C151222CD}"
EndProject
Project("{FAE04EC0-301F-11D3-BF4B-00C04F79EFBC}") = "UnityEditor.UI", "UnityEditor.UI.csproj", "{994A0E79-01E7-DCA5-F293-CC559ED7F497}"
EndProject
Project("{FAE04EC0-301F-11D3-BF4B-00C04F79EFBC}") = "Unity.Timeline.Editor", "Unity.Timeline.Editor.csproj", "{174AA9B9-85F3-F5D5-619E-DF797E76A7D3}"
EndProject
Project("{FAE04EC0-301F-11D3-BF4B-00C04F79EFBC}") = "Unity.VisualStudio.Editor", "Unity.VisualStudio.Editor.csproj", "{4C5D06C1-B0AB-F326-85A5-DBC5259514BD}"
EndProject
Project("{FAE04EC0-301F-11D3-BF4B-00C04F79EFBC}") = "Unity.2D.Psdimporter.Editor", "Unity.2D.Psdimporter.Editor.csproj", "{B6EADCB6-A953-7D5A-B2CD-BB751529237F}"
EndProject
Project("{FAE04EC0-301F-11D3-BF4B-00C04F79EFBC}") = "Unity.2D.Animation.Editor", "Unity.2D.Animation.Editor.csproj", "{FFE17A4E-1489-2F8F-D9E9-55DC6234730A}"
EndProject
Project("{FAE04EC0-301F-11D3-BF4B-00C04F79EFBC}") = "Unity.TextMeshPro.Editor", "Unity.TextMeshPro.Editor.csproj", "{7C6C0C86-7A29-185A-646A-EC0A8A660AB5}"
EndProject
Project("{FAE04EC0-301F-11D3-BF4B-00C04F79EFBC}") = "Unity.2D.SpriteShape.Editor", "Unity.2D.SpriteShape.Editor.csproj", "{7B83C363-84CC-7E1C-67D2-0763F22C4A6D}"
EndProject
Project("{FAE04EC0-301F-11D3-BF4B-00C04F79EFBC}") = "Unity.CollabProxy.Editor", "Unity.CollabProxy.Editor.csproj", "{238327BC-03E5-0697-4A85-49BDA0AEB51F}"
EndProject
Project("{FAE04EC0-301F-11D3-BF4B-00C04F79EFBC}") = "PsdPlugin", "PsdPlugin.csproj", "{68E36674-89E1-A50C-3E15-3ACA6BB2CC9F}"
EndProject
Project("{FAE04EC0-301F-11D3-BF4B-00C04F79EFBC}") = "Unity.2D.Path.Editor", "Unity.2D.Path.Editor.csproj", "{2AD159A3-2652-1E5D-8F9D-5A1466BD787C}"
EndProject
Project("{FAE04EC0-301F-11D3-BF4B-00C04F79EFBC}") = "Unity.Rider.Editor", "Unity.Rider.Editor.csproj", "{43852057-8CEC-779F-384C-150CDE000E92}"
EndProject
Project("{FAE04EC0-301F-11D3-BF4B-00C04F79EFBC}") = "Unity.2D.IK.Editor", "Unity.2D.IK.Editor.csproj", "{3D5EF28E-71B7-AEBE-D183-AACFEF3C1F3A}"
EndProject
Project("{FAE04EC0-301F-11D3-BF4B-00C04F79EFBC}") = "Unity.2D.Sprite.Editor", "Unity.2D.Sprite.Editor.csproj", "{A9731019-9483-181E-4108-2BAC39432A47}"
EndProject
Project("{FAE04EC0-301F-11D3-BF4B-00C04F79EFBC}") = "Unity.2D.Tilemap.Editor", "Unity.2D.Tilemap.Editor.csproj", "{7C564B7C-2B45-BAE6-2433-E7310E4BAAA6}"
EndProject
Project("{FAE04EC0-301F-11D3-BF4B-00C04F79EFBC}") = "Unity.2D.PixelPerfect.Editor", "Unity.2D.PixelPerfect.Editor.csproj", "{7A26C2D6-3BB2-FF66-544B-36BF5C39343B}"
EndProject
Project("{FAE04EC0-301F-11D3-BF4B-00C04F79EFBC}") = "Unity.VSCode.Editor", "Unity.VSCode.Editor.csproj", "{8A5F7339-4B71-4F1E-5F8F-647ABFF65FDA}"
EndProject
Project("{FAE04EC0-301F-11D3-BF4B-00C04F79EFBC}") = "Unity.2D.Common.Editor", "Unity.2D.Common.Editor.csproj", "{426BFD15-BD39-8E16-D74E-6EB3CF551DC0}"
EndProject
Project("{FAE04EC0-301F-11D3-BF4B-00C04F79EFBC}") = "Unity.Mathematics.Editor", "Unity.Mathematics.Editor.csproj", "{0380645F-7A8A-E9C9-6861-04E87C2E02BF}"
EndProject
Project("{FAE04EC0-301F-11D3-BF4B-00C04F79EFBC}") = "Unity.InternalAPIEditorBridge.001", "Unity.InternalAPIEditorBridge.001.csproj", "{5C986390-C6D9-C527-29AF-66ED48A00D69}"
EndProject
Project("{FAE04EC0-301F-11D3-BF4B-00C04F79EFBC}") = "UnityEngine.TestRunner", "UnityEngine.TestRunner.Player.csproj", "{A04FABE4-723A-C3D7-66B5-D83304F41C8F}"
EndProject
Project("{FAE04EC0-301F-11D3-BF4B-00C04F79EFBC}") = "Unity.Mathematics", "Unity.Mathematics.Player.csproj", "{237A0CA7-3A85-7051-A976-F32AE526A59A}"
EndProject
Project("{FAE04EC0-301F-11D3-BF4B-00C04F79EFBC}") = "Unity.2D.Animation.Triangle.Runtime", "Unity.2D.Animation.Triangle.Runtime.Player.csproj", "{01560C5C-7B87-A120-C833-69CA92D95DA4}"
EndProject
Project("{FAE04EC0-301F-11D3-BF4B-00C04F79EFBC}") = "Unity.Timeline", "Unity.Timeline.Player.csproj", "{F0F91AA6-2ACA-BDE6-B73B-497F678E242A}"
EndProject
Project("{FAE04EC0-301F-11D3-BF4B-00C04F79EFBC}") = "UnityEngine.UI", "UnityEngine.UI.Player.csproj", "{C66E57EC-4B07-B719-0D56-7595CD3E1345}"
EndProject
Project("{FAE04EC0-301F-11D3-BF4B-00C04F79EFBC}") = "Unity.TextMeshPro", "Unity.TextMeshPro.Player.csproj", "{3628B315-893D-7348-3214-E1BD7BF8F160}"
EndProject
Project("{FAE04EC0-301F-11D3-BF4B-00C04F79EFBC}") = "Unity.2D.Animation.Runtime", "Unity.2D.Animation.Runtime.Player.csproj", "{B40FFCF3-F05A-7B01-0804-52A9822987AC}"
EndProject
Project("{FAE04EC0-301F-11D3-BF4B-00C04F79EFBC}") = "Assembly-CSharp", "Assembly-CSharp.Player.csproj", "{EA556779-32E4-485A-D3C7-5D3B520B93EF}"
EndProject
Project("{FAE04EC0-301F-11D3-BF4B-00C04F79EFBC}") = "Unity.2D.IK.Runtime", "Unity.2D.IK.Runtime.Player.csproj", "{74F8CADC-DE9B-DF6A-935B-8490F454D31B}"
EndProject
Project("{FAE04EC0-301F-11D3-BF4B-00C04F79EFBC}") = "Unity.2D.SpriteShape.Runtime", "Unity.2D.SpriteShape.Runtime.Player.csproj", "{798CB14F-4C14-423A-922B-A046CAB07698}"
EndProject
Project("{FAE04EC0-301F-11D3-BF4B-00C04F79EFBC}") = "Unity.2D.PixelPerfect", "Unity.2D.PixelPerfect.Player.csproj", "{BBC15E11-54AA-56E5-F661-123AEADA6D59}"
EndProject
Project("{FAE04EC0-301F-11D3-BF4B-00C04F79EFBC}") = "Unity.2D.Common.Runtime", "Unity.2D.Common.Runtime.Player.csproj", "{D68987FA-736E-7347-1BF1-04008528734C}"
EndProject
Project("{FAE04EC0-301F-11D3-BF4B-00C04F79EFBC}") = "Unity.InternalAPIEngineBridge.001", "Unity.InternalAPIEngineBridge.001.Player.csproj", "{26E85AF8-C35A-AFC2-CF2D-988BE2884AB8}"
EndProject
Global
	GlobalSection(SolutionConfigurationPlatforms) = preSolution
		Debug|Any CPU = Debug|Any CPU
		Release|Any CPU = Release|Any CPU
	EndGlobalSection
	GlobalSection(ProjectConfigurationPlatforms) = postSolution
		{A5ABD828-83D5-D4BE-1681-ECC3847F8BAD}.Debug|Any CPU.ActiveCfg = Debug|Any CPU
		{A5ABD828-83D5-D4BE-1681-ECC3847F8BAD}.Debug|Any CPU.Build.0 = Debug|Any CPU
		{A5ABD828-83D5-D4BE-1681-ECC3847F8BAD}.Release|Any CPU.ActiveCfg = Release|Any CPU
		{A5ABD828-83D5-D4BE-1681-ECC3847F8BAD}.Release|Any CPU.Build.0 = Release|Any CPU
		{A8BD3437-FB9A-D01A-9017-5C9FDA8C6D7A}.Debug|Any CPU.ActiveCfg = Debug|Any CPU
		{A8BD3437-FB9A-D01A-9017-5C9FDA8C6D7A}.Debug|Any CPU.Build.0 = Debug|Any CPU
		{A8BD3437-FB9A-D01A-9017-5C9FDA8C6D7A}.Release|Any CPU.ActiveCfg = Release|Any CPU
		{A8BD3437-FB9A-D01A-9017-5C9FDA8C6D7A}.Release|Any CPU.Build.0 = Release|Any CPU
		{AC1AE879-F85F-DCCF-4498-69C010DB78D3}.Debug|Any CPU.ActiveCfg = Debug|Any CPU
		{AC1AE879-F85F-DCCF-4498-69C010DB78D3}.Debug|Any CPU.Build.0 = Debug|Any CPU
		{AC1AE879-F85F-DCCF-4498-69C010DB78D3}.Release|Any CPU.ActiveCfg = Release|Any CPU
		{AC1AE879-F85F-DCCF-4498-69C010DB78D3}.Release|Any CPU.Build.0 = Release|Any CPU
		{6797DFFE-27D2-A622-8BAA-9F77384EA97C}.Debug|Any CPU.ActiveCfg = Debug|Any CPU
		{6797DFFE-27D2-A622-8BAA-9F77384EA97C}.Debug|Any CPU.Build.0 = Debug|Any CPU
		{6797DFFE-27D2-A622-8BAA-9F77384EA97C}.Release|Any CPU.ActiveCfg = Release|Any CPU
		{6797DFFE-27D2-A622-8BAA-9F77384EA97C}.Release|Any CPU.Build.0 = Release|Any CPU
		{21DE06F5-337B-0F37-F470-482DCB32B186}.Debug|Any CPU.ActiveCfg = Debug|Any CPU
		{21DE06F5-337B-0F37-F470-482DCB32B186}.Debug|Any CPU.Build.0 = Debug|Any CPU
		{21DE06F5-337B-0F37-F470-482DCB32B186}.Release|Any CPU.ActiveCfg = Release|Any CPU
		{21DE06F5-337B-0F37-F470-482DCB32B186}.Release|Any CPU.Build.0 = Release|Any CPU
		{50F9C07D-5B19-2DD0-8F8D-8B52B4680E2B}.Debug|Any CPU.ActiveCfg = Debug|Any CPU
		{50F9C07D-5B19-2DD0-8F8D-8B52B4680E2B}.Debug|Any CPU.Build.0 = Debug|Any CPU
		{50F9C07D-5B19-2DD0-8F8D-8B52B4680E2B}.Release|Any CPU.ActiveCfg = Release|Any CPU
		{50F9C07D-5B19-2DD0-8F8D-8B52B4680E2B}.Release|Any CPU.Build.0 = Release|Any CPU
		{07C80E59-F0C8-FCBE-EBA7-C1DA8184D4F4}.Debug|Any CPU.ActiveCfg = Debug|Any CPU
		{07C80E59-F0C8-FCBE-EBA7-C1DA8184D4F4}.Debug|Any CPU.Build.0 = Debug|Any CPU
		{07C80E59-F0C8-FCBE-EBA7-C1DA8184D4F4}.Release|Any CPU.ActiveCfg = Release|Any CPU
		{07C80E59-F0C8-FCBE-EBA7-C1DA8184D4F4}.Release|Any CPU.Build.0 = Release|Any CPU
		{ED7E858B-84B0-3631-16F5-60083841873F}.Debug|Any CPU.ActiveCfg = Debug|Any CPU
		{ED7E858B-84B0-3631-16F5-60083841873F}.Debug|Any CPU.Build.0 = Debug|Any CPU
		{ED7E858B-84B0-3631-16F5-60083841873F}.Release|Any CPU.ActiveCfg = Release|Any CPU
		{ED7E858B-84B0-3631-16F5-60083841873F}.Release|Any CPU.Build.0 = Release|Any CPU
		{24335CF5-93D2-3BFA-0A12-A60323A3A2A7}.Debug|Any CPU.ActiveCfg = Debug|Any CPU
		{24335CF5-93D2-3BFA-0A12-A60323A3A2A7}.Debug|Any CPU.Build.0 = Debug|Any CPU
		{24335CF5-93D2-3BFA-0A12-A60323A3A2A7}.Release|Any CPU.ActiveCfg = Release|Any CPU
		{24335CF5-93D2-3BFA-0A12-A60323A3A2A7}.Release|Any CPU.Build.0 = Release|Any CPU
		{3A52B123-D3F2-C590-045F-E21C73C4CE1F}.Debug|Any CPU.ActiveCfg = Debug|Any CPU
		{3A52B123-D3F2-C590-045F-E21C73C4CE1F}.Debug|Any CPU.Build.0 = Debug|Any CPU
		{3A52B123-D3F2-C590-045F-E21C73C4CE1F}.Release|Any CPU.ActiveCfg = Release|Any CPU
		{3A52B123-D3F2-C590-045F-E21C73C4CE1F}.Release|Any CPU.Build.0 = Release|Any CPU
		{30174EC8-15A3-8BB1-24D2-B41CF53D14AC}.Debug|Any CPU.ActiveCfg = Debug|Any CPU
		{30174EC8-15A3-8BB1-24D2-B41CF53D14AC}.Debug|Any CPU.Build.0 = Debug|Any CPU
		{30174EC8-15A3-8BB1-24D2-B41CF53D14AC}.Release|Any CPU.ActiveCfg = Release|Any CPU
		{30174EC8-15A3-8BB1-24D2-B41CF53D14AC}.Release|Any CPU.Build.0 = Release|Any CPU
		{17A1369C-8547-7E75-F76A-8525A8B7EF1E}.Debug|Any CPU.ActiveCfg = Debug|Any CPU
		{17A1369C-8547-7E75-F76A-8525A8B7EF1E}.Debug|Any CPU.Build.0 = Debug|Any CPU
		{17A1369C-8547-7E75-F76A-8525A8B7EF1E}.Release|Any CPU.ActiveCfg = Release|Any CPU
		{17A1369C-8547-7E75-F76A-8525A8B7EF1E}.Release|Any CPU.Build.0 = Release|Any CPU
		{63F37F73-3204-F297-F079-833B28DC9450}.Debug|Any CPU.ActiveCfg = Debug|Any CPU
		{63F37F73-3204-F297-F079-833B28DC9450}.Debug|Any CPU.Build.0 = Debug|Any CPU
		{63F37F73-3204-F297-F079-833B28DC9450}.Release|Any CPU.ActiveCfg = Release|Any CPU
		{63F37F73-3204-F297-F079-833B28DC9450}.Release|Any CPU.Build.0 = Release|Any CPU
		{F4FAD5C0-54DB-8173-F159-9B5C151222CD}.Debug|Any CPU.ActiveCfg = Debug|Any CPU
		{F4FAD5C0-54DB-8173-F159-9B5C151222CD}.Debug|Any CPU.Build.0 = Debug|Any CPU
		{F4FAD5C0-54DB-8173-F159-9B5C151222CD}.Release|Any CPU.ActiveCfg = Release|Any CPU
		{F4FAD5C0-54DB-8173-F159-9B5C151222CD}.Release|Any CPU.Build.0 = Release|Any CPU
		{994A0E79-01E7-DCA5-F293-CC559ED7F497}.Debug|Any CPU.ActiveCfg = Debug|Any CPU
		{994A0E79-01E7-DCA5-F293-CC559ED7F497}.Debug|Any CPU.Build.0 = Debug|Any CPU
		{994A0E79-01E7-DCA5-F293-CC559ED7F497}.Release|Any CPU.ActiveCfg = Release|Any CPU
		{994A0E79-01E7-DCA5-F293-CC559ED7F497}.Release|Any CPU.Build.0 = Release|Any CPU
		{174AA9B9-85F3-F5D5-619E-DF797E76A7D3}.Debug|Any CPU.ActiveCfg = Debug|Any CPU
		{174AA9B9-85F3-F5D5-619E-DF797E76A7D3}.Debug|Any CPU.Build.0 = Debug|Any CPU
		{174AA9B9-85F3-F5D5-619E-DF797E76A7D3}.Release|Any CPU.ActiveCfg = Release|Any CPU
		{174AA9B9-85F3-F5D5-619E-DF797E76A7D3}.Release|Any CPU.Build.0 = Release|Any CPU
		{4C5D06C1-B0AB-F326-85A5-DBC5259514BD}.Debug|Any CPU.ActiveCfg = Debug|Any CPU
		{4C5D06C1-B0AB-F326-85A5-DBC5259514BD}.Debug|Any CPU.Build.0 = Debug|Any CPU
		{4C5D06C1-B0AB-F326-85A5-DBC5259514BD}.Release|Any CPU.ActiveCfg = Release|Any CPU
		{4C5D06C1-B0AB-F326-85A5-DBC5259514BD}.Release|Any CPU.Build.0 = Release|Any CPU
		{B6EADCB6-A953-7D5A-B2CD-BB751529237F}.Debug|Any CPU.ActiveCfg = Debug|Any CPU
		{B6EADCB6-A953-7D5A-B2CD-BB751529237F}.Debug|Any CPU.Build.0 = Debug|Any CPU
		{B6EADCB6-A953-7D5A-B2CD-BB751529237F}.Release|Any CPU.ActiveCfg = Release|Any CPU
		{B6EADCB6-A953-7D5A-B2CD-BB751529237F}.Release|Any CPU.Build.0 = Release|Any CPU
		{FFE17A4E-1489-2F8F-D9E9-55DC6234730A}.Debug|Any CPU.ActiveCfg = Debug|Any CPU
		{FFE17A4E-1489-2F8F-D9E9-55DC6234730A}.Debug|Any CPU.Build.0 = Debug|Any CPU
		{FFE17A4E-1489-2F8F-D9E9-55DC6234730A}.Release|Any CPU.ActiveCfg = Release|Any CPU
		{FFE17A4E-1489-2F8F-D9E9-55DC6234730A}.Release|Any CPU.Build.0 = Release|Any CPU
		{7C6C0C86-7A29-185A-646A-EC0A8A660AB5}.Debug|Any CPU.ActiveCfg = Debug|Any CPU
		{7C6C0C86-7A29-185A-646A-EC0A8A660AB5}.Debug|Any CPU.Build.0 = Debug|Any CPU
		{7C6C0C86-7A29-185A-646A-EC0A8A660AB5}.Release|Any CPU.ActiveCfg = Release|Any CPU
		{7C6C0C86-7A29-185A-646A-EC0A8A660AB5}.Release|Any CPU.Build.0 = Release|Any CPU
		{7B83C363-84CC-7E1C-67D2-0763F22C4A6D}.Debug|Any CPU.ActiveCfg = Debug|Any CPU
		{7B83C363-84CC-7E1C-67D2-0763F22C4A6D}.Debug|Any CPU.Build.0 = Debug|Any CPU
		{7B83C363-84CC-7E1C-67D2-0763F22C4A6D}.Release|Any CPU.ActiveCfg = Release|Any CPU
		{7B83C363-84CC-7E1C-67D2-0763F22C4A6D}.Release|Any CPU.Build.0 = Release|Any CPU
		{238327BC-03E5-0697-4A85-49BDA0AEB51F}.Debug|Any CPU.ActiveCfg = Debug|Any CPU
		{238327BC-03E5-0697-4A85-49BDA0AEB51F}.Debug|Any CPU.Build.0 = Debug|Any CPU
		{238327BC-03E5-0697-4A85-49BDA0AEB51F}.Release|Any CPU.ActiveCfg = Release|Any CPU
		{238327BC-03E5-0697-4A85-49BDA0AEB51F}.Release|Any CPU.Build.0 = Release|Any CPU
		{68E36674-89E1-A50C-3E15-3ACA6BB2CC9F}.Debug|Any CPU.ActiveCfg = Debug|Any CPU
		{68E36674-89E1-A50C-3E15-3ACA6BB2CC9F}.Debug|Any CPU.Build.0 = Debug|Any CPU
		{68E36674-89E1-A50C-3E15-3ACA6BB2CC9F}.Release|Any CPU.ActiveCfg = Release|Any CPU
		{68E36674-89E1-A50C-3E15-3ACA6BB2CC9F}.Release|Any CPU.Build.0 = Release|Any CPU
		{2AD159A3-2652-1E5D-8F9D-5A1466BD787C}.Debug|Any CPU.ActiveCfg = Debug|Any CPU
		{2AD159A3-2652-1E5D-8F9D-5A1466BD787C}.Debug|Any CPU.Build.0 = Debug|Any CPU
		{2AD159A3-2652-1E5D-8F9D-5A1466BD787C}.Release|Any CPU.ActiveCfg = Release|Any CPU
		{2AD159A3-2652-1E5D-8F9D-5A1466BD787C}.Release|Any CPU.Build.0 = Release|Any CPU
		{43852057-8CEC-779F-384C-150CDE000E92}.Debug|Any CPU.ActiveCfg = Debug|Any CPU
		{43852057-8CEC-779F-384C-150CDE000E92}.Debug|Any CPU.Build.0 = Debug|Any CPU
		{43852057-8CEC-779F-384C-150CDE000E92}.Release|Any CPU.ActiveCfg = Release|Any CPU
		{43852057-8CEC-779F-384C-150CDE000E92}.Release|Any CPU.Build.0 = Release|Any CPU
		{3D5EF28E-71B7-AEBE-D183-AACFEF3C1F3A}.Debug|Any CPU.ActiveCfg = Debug|Any CPU
		{3D5EF28E-71B7-AEBE-D183-AACFEF3C1F3A}.Debug|Any CPU.Build.0 = Debug|Any CPU
		{3D5EF28E-71B7-AEBE-D183-AACFEF3C1F3A}.Release|Any CPU.ActiveCfg = Release|Any CPU
		{3D5EF28E-71B7-AEBE-D183-AACFEF3C1F3A}.Release|Any CPU.Build.0 = Release|Any CPU
		{A9731019-9483-181E-4108-2BAC39432A47}.Debug|Any CPU.ActiveCfg = Debug|Any CPU
		{A9731019-9483-181E-4108-2BAC39432A47}.Debug|Any CPU.Build.0 = Debug|Any CPU
		{A9731019-9483-181E-4108-2BAC39432A47}.Release|Any CPU.ActiveCfg = Release|Any CPU
		{A9731019-9483-181E-4108-2BAC39432A47}.Release|Any CPU.Build.0 = Release|Any CPU
		{7C564B7C-2B45-BAE6-2433-E7310E4BAAA6}.Debug|Any CPU.ActiveCfg = Debug|Any CPU
		{7C564B7C-2B45-BAE6-2433-E7310E4BAAA6}.Debug|Any CPU.Build.0 = Debug|Any CPU
		{7C564B7C-2B45-BAE6-2433-E7310E4BAAA6}.Release|Any CPU.ActiveCfg = Release|Any CPU
		{7C564B7C-2B45-BAE6-2433-E7310E4BAAA6}.Release|Any CPU.Build.0 = Release|Any CPU
		{7A26C2D6-3BB2-FF66-544B-36BF5C39343B}.Debug|Any CPU.ActiveCfg = Debug|Any CPU
		{7A26C2D6-3BB2-FF66-544B-36BF5C39343B}.Debug|Any CPU.Build.0 = Debug|Any CPU
		{7A26C2D6-3BB2-FF66-544B-36BF5C39343B}.Release|Any CPU.ActiveCfg = Release|Any CPU
		{7A26C2D6-3BB2-FF66-544B-36BF5C39343B}.Release|Any CPU.Build.0 = Release|Any CPU
		{8A5F7339-4B71-4F1E-5F8F-647ABFF65FDA}.Debug|Any CPU.ActiveCfg = Debug|Any CPU
		{8A5F7339-4B71-4F1E-5F8F-647ABFF65FDA}.Debug|Any CPU.Build.0 = Debug|Any CPU
		{8A5F7339-4B71-4F1E-5F8F-647ABFF65FDA}.Release|Any CPU.ActiveCfg = Release|Any CPU
		{8A5F7339-4B71-4F1E-5F8F-647ABFF65FDA}.Release|Any CPU.Build.0 = Release|Any CPU
		{426BFD15-BD39-8E16-D74E-6EB3CF551DC0}.Debug|Any CPU.ActiveCfg = Debug|Any CPU
		{426BFD15-BD39-8E16-D74E-6EB3CF551DC0}.Debug|Any CPU.Build.0 = Debug|Any CPU
		{426BFD15-BD39-8E16-D74E-6EB3CF551DC0}.Release|Any CPU.ActiveCfg = Release|Any CPU
		{426BFD15-BD39-8E16-D74E-6EB3CF551DC0}.Release|Any CPU.Build.0 = Release|Any CPU
		{0380645F-7A8A-E9C9-6861-04E87C2E02BF}.Debug|Any CPU.ActiveCfg = Debug|Any CPU
		{0380645F-7A8A-E9C9-6861-04E87C2E02BF}.Debug|Any CPU.Build.0 = Debug|Any CPU
		{0380645F-7A8A-E9C9-6861-04E87C2E02BF}.Release|Any CPU.ActiveCfg = Release|Any CPU
		{0380645F-7A8A-E9C9-6861-04E87C2E02BF}.Release|Any CPU.Build.0 = Release|Any CPU
		{5C986390-C6D9-C527-29AF-66ED48A00D69}.Debug|Any CPU.ActiveCfg = Debug|Any CPU
		{5C986390-C6D9-C527-29AF-66ED48A00D69}.Debug|Any CPU.Build.0 = Debug|Any CPU
		{5C986390-C6D9-C527-29AF-66ED48A00D69}.Release|Any CPU.ActiveCfg = Release|Any CPU
		{5C986390-C6D9-C527-29AF-66ED48A00D69}.Release|Any CPU.Build.0 = Release|Any CPU
		{A04FABE4-723A-C3D7-66B5-D83304F41C8F}.Debug|Any CPU.ActiveCfg = Debug|Any CPU
		{A04FABE4-723A-C3D7-66B5-D83304F41C8F}.Debug|Any CPU.Build.0 = Debug|Any CPU
		{A04FABE4-723A-C3D7-66B5-D83304F41C8F}.Release|Any CPU.ActiveCfg = Release|Any CPU
		{A04FABE4-723A-C3D7-66B5-D83304F41C8F}.Release|Any CPU.Build.0 = Release|Any CPU
		{237A0CA7-3A85-7051-A976-F32AE526A59A}.Debug|Any CPU.ActiveCfg = Debug|Any CPU
		{237A0CA7-3A85-7051-A976-F32AE526A59A}.Debug|Any CPU.Build.0 = Debug|Any CPU
		{237A0CA7-3A85-7051-A976-F32AE526A59A}.Release|Any CPU.ActiveCfg = Release|Any CPU
		{237A0CA7-3A85-7051-A976-F32AE526A59A}.Release|Any CPU.Build.0 = Release|Any CPU
		{01560C5C-7B87-A120-C833-69CA92D95DA4}.Debug|Any CPU.ActiveCfg = Debug|Any CPU
		{01560C5C-7B87-A120-C833-69CA92D95DA4}.Debug|Any CPU.Build.0 = Debug|Any CPU
		{01560C5C-7B87-A120-C833-69CA92D95DA4}.Release|Any CPU.ActiveCfg = Release|Any CPU
		{01560C5C-7B87-A120-C833-69CA92D95DA4}.Release|Any CPU.Build.0 = Release|Any CPU
		{F0F91AA6-2ACA-BDE6-B73B-497F678E242A}.Debug|Any CPU.ActiveCfg = Debug|Any CPU
		{F0F91AA6-2ACA-BDE6-B73B-497F678E242A}.Debug|Any CPU.Build.0 = Debug|Any CPU
		{F0F91AA6-2ACA-BDE6-B73B-497F678E242A}.Release|Any CPU.ActiveCfg = Release|Any CPU
		{F0F91AA6-2ACA-BDE6-B73B-497F678E242A}.Release|Any CPU.Build.0 = Release|Any CPU
		{C66E57EC-4B07-B719-0D56-7595CD3E1345}.Debug|Any CPU.ActiveCfg = Debug|Any CPU
		{C66E57EC-4B07-B719-0D56-7595CD3E1345}.Debug|Any CPU.Build.0 = Debug|Any CPU
		{C66E57EC-4B07-B719-0D56-7595CD3E1345}.Release|Any CPU.ActiveCfg = Release|Any CPU
		{C66E57EC-4B07-B719-0D56-7595CD3E1345}.Release|Any CPU.Build.0 = Release|Any CPU
		{3628B315-893D-7348-3214-E1BD7BF8F160}.Debug|Any CPU.ActiveCfg = Debug|Any CPU
		{3628B315-893D-7348-3214-E1BD7BF8F160}.Debug|Any CPU.Build.0 = Debug|Any CPU
		{3628B315-893D-7348-3214-E1BD7BF8F160}.Release|Any CPU.ActiveCfg = Release|Any CPU
		{3628B315-893D-7348-3214-E1BD7BF8F160}.Release|Any CPU.Build.0 = Release|Any CPU
		{B40FFCF3-F05A-7B01-0804-52A9822987AC}.Debug|Any CPU.ActiveCfg = Debug|Any CPU
		{B40FFCF3-F05A-7B01-0804-52A9822987AC}.Debug|Any CPU.Build.0 = Debug|Any CPU
		{B40FFCF3-F05A-7B01-0804-52A9822987AC}.Release|Any CPU.ActiveCfg = Release|Any CPU
		{B40FFCF3-F05A-7B01-0804-52A9822987AC}.Release|Any CPU.Build.0 = Release|Any CPU
		{EA556779-32E4-485A-D3C7-5D3B520B93EF}.Debug|Any CPU.ActiveCfg = Debug|Any CPU
		{EA556779-32E4-485A-D3C7-5D3B520B93EF}.Debug|Any CPU.Build.0 = Debug|Any CPU
		{EA556779-32E4-485A-D3C7-5D3B520B93EF}.Release|Any CPU.ActiveCfg = Release|Any CPU
		{EA556779-32E4-485A-D3C7-5D3B520B93EF}.Release|Any CPU.Build.0 = Release|Any CPU
		{74F8CADC-DE9B-DF6A-935B-8490F454D31B}.Debug|Any CPU.ActiveCfg = Debug|Any CPU
		{74F8CADC-DE9B-DF6A-935B-8490F454D31B}.Debug|Any CPU.Build.0 = Debug|Any CPU
		{74F8CADC-DE9B-DF6A-935B-8490F454D31B}.Release|Any CPU.ActiveCfg = Release|Any CPU
		{74F8CADC-DE9B-DF6A-935B-8490F454D31B}.Release|Any CPU.Build.0 = Release|Any CPU
		{798CB14F-4C14-423A-922B-A046CAB07698}.Debug|Any CPU.ActiveCfg = Debug|Any CPU
		{798CB14F-4C14-423A-922B-A046CAB07698}.Debug|Any CPU.Build.0 = Debug|Any CPU
		{798CB14F-4C14-423A-922B-A046CAB07698}.Release|Any CPU.ActiveCfg = Release|Any CPU
		{798CB14F-4C14-423A-922B-A046CAB07698}.Release|Any CPU.Build.0 = Release|Any CPU
		{BBC15E11-54AA-56E5-F661-123AEADA6D59}.Debug|Any CPU.ActiveCfg = Debug|Any CPU
		{BBC15E11-54AA-56E5-F661-123AEADA6D59}.Debug|Any CPU.Build.0 = Debug|Any CPU
		{BBC15E11-54AA-56E5-F661-123AEADA6D59}.Release|Any CPU.ActiveCfg = Release|Any CPU
		{BBC15E11-54AA-56E5-F661-123AEADA6D59}.Release|Any CPU.Build.0 = Release|Any CPU
		{D68987FA-736E-7347-1BF1-04008528734C}.Debug|Any CPU.ActiveCfg = Debug|Any CPU
		{D68987FA-736E-7347-1BF1-04008528734C}.Debug|Any CPU.Build.0 = Debug|Any CPU
		{D68987FA-736E-7347-1BF1-04008528734C}.Release|Any CPU.ActiveCfg = Release|Any CPU
		{D68987FA-736E-7347-1BF1-04008528734C}.Release|Any CPU.Build.0 = Release|Any CPU
		{26E85AF8-C35A-AFC2-CF2D-988BE2884AB8}.Debug|Any CPU.ActiveCfg = Debug|Any CPU
		{26E85AF8-C35A-AFC2-CF2D-988BE2884AB8}.Debug|Any CPU.Build.0 = Debug|Any CPU
		{26E85AF8-C35A-AFC2-CF2D-988BE2884AB8}.Release|Any CPU.ActiveCfg = Release|Any CPU
		{26E85AF8-C35A-AFC2-CF2D-988BE2884AB8}.Release|Any CPU.Build.0 = Release|Any CPU
	EndGlobalSection
	GlobalSection(SolutionProperties) = preSolution
		HideSolutionNode = FALSE
	EndGlobalSection
EndGlobal
